
Microsoft Visual Studio Solution File, Format Version 12.00
# Visual Studio Version 16
VisualStudioVersion = 16.0.31424.327
MinimumVisualStudioVersion = 10.0.40219.1
Project("{FAE04EC0-301F-11D3-BF4B-00C04F79EFBC}") = "MathFunctions", "MathFunctions\MathFunctions.csproj", "{5927DC3C-3211-4000-918A-AC7ED9F8470B}"
EndProject
Global
	GlobalSection(SolutionConfigurationPlatforms) = preSolution
		Debug|Any CPU = Debug|Any CPU
		Release|Any CPU = Release|Any CPU
	EndGlobalSection
	GlobalSection(ProjectConfigurationPlatforms) = postSolution
		{5927DC3C-3211-4000-918A-AC7ED9F8470B}.Debug|Any CPU.ActiveCfg = Debug|Any CPU
		{5927DC3C-3211-4000-918A-AC7ED9F8470B}.Debug|Any CPU.Build.0 = Debug|Any CPU
		{5927DC3C-3211-4000-918A-AC7ED9F8470B}.Release|Any CPU.ActiveCfg = Release|Any CPU
		{5927DC3C-3211-4000-918A-AC7ED9F8470B}.Release|Any CPU.Build.0 = Release|Any CPU
	EndGlobalSection
	GlobalSection(SolutionProperties) = preSolution
		HideSolutionNode = FALSE
	EndGlobalSection
	GlobalSection(ExtensibilityGlobals) = postSolution
		SolutionGuid = {3FDD9093-E88C-4EB9-AE32-5768D059309E}
	EndGlobalSection
EndGlobal
